
Microsoft Visual Studio Solution File, Format Version 12.00
# Visual Studio Version 16
VisualStudioVersion = 16.0.34407.143
MinimumVisualStudioVersion = 10.0.40219.1
Project("{FAE04EC0-301F-11D3-BF4B-00C04F79EFBC}") = "GitUp", "GitUp.csproj", "{660B9675-0455-4958-AA60-F4CAD00A9B8D}"
EndProject
Global
	GlobalSection(SolutionConfigurationPlatforms) = preSolution
		Debug|Any CPU = Debug|Any CPU
		Release|Any CPU = Release|Any CPU
	EndGlobalSection
	GlobalSection(ProjectConfigurationPlatforms) = postSolution
		{660B9675-0455-4958-AA60-F4CAD00A9B8D}.Debug|Any CPU.ActiveCfg = Debug|Any CPU
		{660B9675-0455-4958-AA60-F4CAD00A9B8D}.Debug|Any CPU.Build.0 = Debug|Any CPU
		{660B9675-0455-4958-AA60-F4CAD00A9B8D}.Release|Any CPU.ActiveCfg = Release|Any CPU
		{660B9675-0455-4958-AA60-F4CAD00A9B8D}.Release|Any CPU.Build.0 = Release|Any CPU
	EndGlobalSection
	GlobalSection(SolutionProperties) = preSolution
		HideSolutionNode = FALSE
	EndGlobalSection
	GlobalSection(ExtensibilityGlobals) = postSolution
		SolutionGuid = {BE669971-8107-457A-B2FB-5632C1FF03CB}
	EndGlobalSection
EndGlobal
